{
  "name": "readjson",
  "version": "1.0.0",
  "lockfileVersion": 3,
  "requires": true,
  "packages": {
    "": {
      "name": "readjson",
      "version": "1.0.0",
      "license": "ISC",
      "dependencies": {
        "fd": "^0.0.3",
        "fs": "^0.0.1-security"
      }
    },
    "node_modules/fd": {
      "version": "0.0.3",
      "resolved": "https://registry.npmjs.org/fd/-/fd-0.0.3.tgz",
      "integrity": "sha512-iAHrIslQb3U68OcMSP0kkNWabp7sSN6d2TBSb2JO3gcLJVDd4owr/hKM4SFJovFOUeeXeItjYgouEDTMWiVAnA=="
    },
    "node_modules/fs": {
      "version": "0.0.1-security",
      "resolved": "https://registry.npmjs.org/fs/-/fs-0.0.1-security.tgz",
      "integrity": "sha512-3XY9e1pP0CVEUCdj5BmfIZxRBTSDycnbqhIOGec9QYtmVH2fbLpj86CFWkrNOkt/Fvty4KZG5lTglL9j/gJ87w=="
    }
  }
}
